{
    "_readme": [
        "This file locks the dependencies of your project to a known state",
        "Read more about it at https://getcomposer.org/doc/01-basic-usage.md#installing-dependencies",
        "This file is @generated automatically"
    ],
    "content-hash": "93f979edbe53aa9f36f79d0748801e38",
    "packages": [
        {
            "name": "robtimus/multipart",
            "version": "1.0.1",
            "source": {
                "type": "git",
                "url": "https://github.com/robtimus/php-multipart.git",
                "reference": "98977024f1261185d139c9df0aaecbf28cb131f4"
            },
            "dist": {
                "type": "zip",
                "url": "https://api.github.com/repos/robtimus/php-multipart/zipball/98977024f1261185d139c9df0aaecbf28cb131f4",
                "reference": "98977024f1261185d139c9df0aaecbf28cb131f4",
                "shasum": ""
            },
            "require": {
                "php": ">=5.4"
            },
            "require-dev": {
                "phpunit/phpunit": "~4"
            },
            "type": "library",
            "autoload": {
                "psr-4": {
                    "Robtimus\\Multipart\\": [
                        "src/Robtimus/Multipart"
                    ]
                }
            },
            "notification-url": "https://packagist.org/downloads/",
            "license": [
                "Apache-2.0"
            ],
            "authors": [
                {
                    "name": "Rob Spoor",
                    "email": "robtimus@users.noreply.github.com"
                }
            ],
            "description": "A library to support (streaming) multiparts",
            "homepage": "https://github.com/robtimus/php-multipart",
            "keywords": [
                "multipart",
                "streaming"
            ],
            "support": {
                "issues": "https://github.com/robtimus/php-multipart/issues",
                "source": "https://github.com/robtimus/php-multipart/tree/1.0.1"
            },
            "time": "2023-01-16T18:51:47+00:00"
        },
        {
            "name": "wl-online-payments-direct/plugin-core-base",
            "version": "1.0.7",
            "source": {
                "type": "git",
                "url": "https://github.com/wl-online-payments-direct/plugin-core-base.git",
                "reference": "e756094d32902198c2b49ba23f18a5ccc530b438"
            },
            "dist": {
                "type": "zip",
                "url": "https://api.github.com/repos/wl-online-payments-direct/plugin-core-base/zipball/e756094d32902198c2b49ba23f18a5ccc530b438",
                "reference": "e756094d32902198c2b49ba23f18a5ccc530b438",
                "shasum": ""
            },
            "require": {
                "ext-ctype": "*",
                "ext-json": "*",
                "php": ">=7.4",
                "wl-online-payments-direct/sdk-php": "6.2.0"
            },
            "require-dev": {
                "friendsofphp/php-cs-fixer": "^3.9",
                "php-parallel-lint/php-parallel-lint": "^1.3",
                "phpstan/phpstan": "^1.10",
                "phpunit/phpunit": "^8.5",
                "symfony/console": "^5.4"
            },
            "type": "library",
            "autoload": {
                "psr-4": {
                    "WOP\\OnlinePayments\\Core\\": "src"
                }
            },
            "notification-url": "https://packagist.org/downloads/",
            "license": [
                "proprietary"
            ],
            "description": "Core integration library",
            "support": {
                "issues": "https://github.com/wl-online-payments-direct/plugin-core-base/issues",
                "source": "https://github.com/wl-online-payments-direct/plugin-core-base/tree/1.0.7"
            },
            "time": "2026-09-17T10:42:37+00:00"
        },
        {
            "name": "wl-online-payments-direct/sdk-php",
            "version": "6.2.0",
            "source": {
                "type": "git",
                "url": "https://github.com/wl-online-payments-direct/sdk-php.git",
                "reference": "342e76315110ed1c8ec2c1e7968eb2cae9e6003f"
            },
            "dist": {
                "type": "zip",
                "url": "https://api.github.com/repos/wl-online-payments-direct/sdk-php/zipball/342e76315110ed1c8ec2c1e7968eb2cae9e6003f",
                "reference": "342e76315110ed1c8ec2c1e7968eb2cae9e6003f",
                "shasum": ""
            },
            "require": {
                "ext-curl": "*",
                "ext-json": "*",
                "ext-mbstring": "*",
                "php": ">=7.4",
                "robtimus/multipart": "~1.0"
            },
            "require-dev": {
                "phpunit/phpunit": "~9"
            },
            "type": "library",
            "autoload": {
                "psr-4": {
                    "OnlinePayments\\Sdk\\": [
                        "src/OnlinePayments/Sdk",
                        "lib/OnlinePayments/Sdk"
                    ]
                }
            },
            "notification-url": "https://packagist.org/downloads/",
            "license": [
                "MIT"
            ],
            "authors": [
                {
                    "name": "OnlinePayments"
                }
            ],
            "description": "PHP SDK to communicate with the payment platform server-to-server API",
            "keywords": [
                "sdk"
            ],
            "support": {
                "issues": "https://github.com/wl-online-payments-direct/sdk-php/issues",
                "source": "https://github.com/wl-online-payments-direct/sdk-php/tree/6.2.0"
            },
            "time": "2025-06-17T11:32:28+00:00"
        }
    ],
    "packages-dev": [],
    "aliases": [],
    "minimum-stability": "stable",
    "stability-flags": [],
    "prefer-stable": false,
    "prefer-lowest": false,
    "platform": [],
    "platform-dev": [],
    "plugin-api-version": "2.2.0"
}
